{
  "requires": true,
  "lockfileVersion": 1,
  "dependencies": {
    "axios-auth-refresh": {
      "version": "2.2.5",
      "resolved": "https://registry.npmjs.org/axios-auth-refresh/-/axios-auth-refresh-2.2.5.tgz",
      "integrity": "sha512-lSEL2vv+TqMlAOPC7H+1LHi3vf0GAR9KUFFY+VGpll9Ckv2Q9PrdRIiV1ywMGU276hXUUr/3jKeAtFYMIGwJhQ=="
    }
  }
}
